
Microsoft Visual Studio Solution File, Format Version 12.00
# Visual Studio 15
VisualStudioVersion = 15.0.28307.960
MinimumVisualStudioVersion = 10.0.40219.1
Project("{2150E333-8FDC-42A3-9474-1A3956D46DE8}") = "String", "String", "{61B23FD3-D9F0-4D0D-9CFF-5551F8BE70D4}"
EndProject
Project("{2150E333-8FDC-42A3-9474-1A3956D46DE8}") = "Dictionary", "Dictionary", "{8484DACB-06C6-4AAB-B66B-07997CDC1937}"
EndProject
Project("{FAE04EC0-301F-11D3-BF4B-00C04F79EFBC}") = "StringSplitTester", "String\StringSplitTester\StringSplitTester.csproj", "{DD360EF0-A37D-445B-8817-16562B843C4A}"
EndProject
Project("{FAE04EC0-301F-11D3-BF4B-00C04F79EFBC}") = "DictionaryTester", "Dictionary\DictionaryTester\DictionaryTester.csproj", "{F5A6139F-BF92-4845-BB87-031A2C45031D}"
EndProject
Project("{2150E333-8FDC-42A3-9474-1A3956D46DE8}") = "NuGet", "NuGet", "{FDF7AC92-9811-4C15-A360-5E7F6421B052}"
EndProject
Project("{FAE04EC0-301F-11D3-BF4B-00C04F79EFBC}") = "NugetTester", "NuGet\NugetTester\NugetTester.csproj", "{7EE2049B-D56E-401F-9AF7-F1E4FFB2B398}"
EndProject
Project("{FAE04EC0-301F-11D3-BF4B-00C04F79EFBC}") = "Base64Tester", "String\Base64Tester\Base64Tester.csproj", "{158FD8C5-4A30-4885-8CCE-8F7D346DA910}"
EndProject
Project("{2150E333-8FDC-42A3-9474-1A3956D46DE8}") = "Database", "Database", "{039B2FD0-C1C6-494F-99B5-55AB53138F21}"
EndProject
Project("{2150E333-8FDC-42A3-9474-1A3956D46DE8}") = "WPF", "WPF", "{987605A9-9B8F-405D-AAAA-9B31892E4EBA}"
EndProject
Project("{FAE04EC0-301F-11D3-BF4B-00C04F79EFBC}") = "LogTextBoxTester", "WPF\LogTextBoxTester\LogTextBoxTester.csproj", "{3DA37563-D87C-4C8B-BC90-1E6780EF6AB8}"
EndProject
Project("{2150E333-8FDC-42A3-9474-1A3956D46DE8}") = "Process", "Process", "{762BFBEC-307A-430D-84D1-BD28C9EA4A28}"
EndProject
Project("{FAE04EC0-301F-11D3-BF4B-00C04F79EFBC}") = "ProcessTester", "Process\ProcessTester\ProcessTester.csproj", "{FAA33A12-9E98-4338-B65C-91D5C4FB77EB}"
EndProject
Project("{2150E333-8FDC-42A3-9474-1A3956D46DE8}") = "Web", "Web", "{3273F040-B10F-4AB0-BFC4-8752F91C5DEE}"
EndProject
Project("{FAE04EC0-301F-11D3-BF4B-00C04F79EFBC}") = "ApiTester", "Web\ApiTester\ApiTester.csproj", "{586B50FB-3A57-4622-BF81-6143DBCB7F97}"
EndProject
Project("{2150E333-8FDC-42A3-9474-1A3956D46DE8}") = "Date", "Date", "{5DCBFD77-F875-4CDA-97DB-BE58E0D9A577}"
EndProject
Project("{FAE04EC0-301F-11D3-BF4B-00C04F79EFBC}") = "DateConverter", "Date\DateConverter\DateConverter.csproj", "{D0504B82-54CA-4382-8D56-160131206985}"
EndProject
Project("{FAE04EC0-301F-11D3-BF4B-00C04F79EFBC}") = "BlobTester", "Web\BlobTester\BlobTester.csproj", "{C749BA53-9D21-48EB-A23A-E7C6C33F977D}"
EndProject
Global
	GlobalSection(SolutionConfigurationPlatforms) = preSolution
		Debug|Any CPU = Debug|Any CPU
		Debug|x64 = Debug|x64
		Release|Any CPU = Release|Any CPU
		Release|x64 = Release|x64
	EndGlobalSection
	GlobalSection(ProjectConfigurationPlatforms) = postSolution
		{DD360EF0-A37D-445B-8817-16562B843C4A}.Debug|Any CPU.ActiveCfg = Debug|Any CPU
		{DD360EF0-A37D-445B-8817-16562B843C4A}.Debug|Any CPU.Build.0 = Debug|Any CPU
		{DD360EF0-A37D-445B-8817-16562B843C4A}.Debug|x64.ActiveCfg = Debug|Any CPU
		{DD360EF0-A37D-445B-8817-16562B843C4A}.Debug|x64.Build.0 = Debug|Any CPU
		{DD360EF0-A37D-445B-8817-16562B843C4A}.Release|Any CPU.ActiveCfg = Release|Any CPU
		{DD360EF0-A37D-445B-8817-16562B843C4A}.Release|Any CPU.Build.0 = Release|Any CPU
		{DD360EF0-A37D-445B-8817-16562B843C4A}.Release|x64.ActiveCfg = Release|Any CPU
		{DD360EF0-A37D-445B-8817-16562B843C4A}.Release|x64.Build.0 = Release|Any CPU
		{F5A6139F-BF92-4845-BB87-031A2C45031D}.Debug|Any CPU.ActiveCfg = Debug|Any CPU
		{F5A6139F-BF92-4845-BB87-031A2C45031D}.Debug|Any CPU.Build.0 = Debug|Any CPU
		{F5A6139F-BF92-4845-BB87-031A2C45031D}.Debug|x64.ActiveCfg = Debug|Any CPU
		{F5A6139F-BF92-4845-BB87-031A2C45031D}.Debug|x64.Build.0 = Debug|Any CPU
		{F5A6139F-BF92-4845-BB87-031A2C45031D}.Release|Any CPU.ActiveCfg = Release|Any CPU
		{F5A6139F-BF92-4845-BB87-031A2C45031D}.Release|Any CPU.Build.0 = Release|Any CPU
		{F5A6139F-BF92-4845-BB87-031A2C45031D}.Release|x64.ActiveCfg = Release|Any CPU
		{F5A6139F-BF92-4845-BB87-031A2C45031D}.Release|x64.Build.0 = Release|Any CPU
		{7EE2049B-D56E-401F-9AF7-F1E4FFB2B398}.Debug|Any CPU.ActiveCfg = Debug|Any CPU
		{7EE2049B-D56E-401F-9AF7-F1E4FFB2B398}.Debug|Any CPU.Build.0 = Debug|Any CPU
		{7EE2049B-D56E-401F-9AF7-F1E4FFB2B398}.Debug|x64.ActiveCfg = Debug|Any CPU
		{7EE2049B-D56E-401F-9AF7-F1E4FFB2B398}.Debug|x64.Build.0 = Debug|Any CPU
		{7EE2049B-D56E-401F-9AF7-F1E4FFB2B398}.Release|Any CPU.ActiveCfg = Release|Any CPU
		{7EE2049B-D56E-401F-9AF7-F1E4FFB2B398}.Release|Any CPU.Build.0 = Release|Any CPU
		{7EE2049B-D56E-401F-9AF7-F1E4FFB2B398}.Release|x64.ActiveCfg = Release|Any CPU
		{7EE2049B-D56E-401F-9AF7-F1E4FFB2B398}.Release|x64.Build.0 = Release|Any CPU
		{158FD8C5-4A30-4885-8CCE-8F7D346DA910}.Debug|Any CPU.ActiveCfg = Debug|Any CPU
		{158FD8C5-4A30-4885-8CCE-8F7D346DA910}.Debug|Any CPU.Build.0 = Debug|Any CPU
		{158FD8C5-4A30-4885-8CCE-8F7D346DA910}.Debug|x64.ActiveCfg = Debug|Any CPU
		{158FD8C5-4A30-4885-8CCE-8F7D346DA910}.Debug|x64.Build.0 = Debug|Any CPU
		{158FD8C5-4A30-4885-8CCE-8F7D346DA910}.Release|Any CPU.ActiveCfg = Release|Any CPU
		{158FD8C5-4A30-4885-8CCE-8F7D346DA910}.Release|Any CPU.Build.0 = Release|Any CPU
		{158FD8C5-4A30-4885-8CCE-8F7D346DA910}.Release|x64.ActiveCfg = Release|Any CPU
		{158FD8C5-4A30-4885-8CCE-8F7D346DA910}.Release|x64.Build.0 = Release|Any CPU
		{3DA37563-D87C-4C8B-BC90-1E6780EF6AB8}.Debug|Any CPU.ActiveCfg = Debug|Any CPU
		{3DA37563-D87C-4C8B-BC90-1E6780EF6AB8}.Debug|Any CPU.Build.0 = Debug|Any CPU
		{3DA37563-D87C-4C8B-BC90-1E6780EF6AB8}.Debug|x64.ActiveCfg = Debug|Any CPU
		{3DA37563-D87C-4C8B-BC90-1E6780EF6AB8}.Debug|x64.Build.0 = Debug|Any CPU
		{3DA37563-D87C-4C8B-BC90-1E6780EF6AB8}.Release|Any CPU.ActiveCfg = Release|Any CPU
		{3DA37563-D87C-4C8B-BC90-1E6780EF6AB8}.Release|Any CPU.Build.0 = Release|Any CPU
		{3DA37563-D87C-4C8B-BC90-1E6780EF6AB8}.Release|x64.ActiveCfg = Release|Any CPU
		{3DA37563-D87C-4C8B-BC90-1E6780EF6AB8}.Release|x64.Build.0 = Release|Any CPU
		{FAA33A12-9E98-4338-B65C-91D5C4FB77EB}.Debug|Any CPU.ActiveCfg = Debug|Any CPU
		{FAA33A12-9E98-4338-B65C-91D5C4FB77EB}.Debug|Any CPU.Build.0 = Debug|Any CPU
		{FAA33A12-9E98-4338-B65C-91D5C4FB77EB}.Debug|x64.ActiveCfg = Debug|Any CPU
		{FAA33A12-9E98-4338-B65C-91D5C4FB77EB}.Debug|x64.Build.0 = Debug|Any CPU
		{FAA33A12-9E98-4338-B65C-91D5C4FB77EB}.Release|Any CPU.ActiveCfg = Release|Any CPU
		{FAA33A12-9E98-4338-B65C-91D5C4FB77EB}.Release|Any CPU.Build.0 = Release|Any CPU
		{FAA33A12-9E98-4338-B65C-91D5C4FB77EB}.Release|x64.ActiveCfg = Release|Any CPU
		{FAA33A12-9E98-4338-B65C-91D5C4FB77EB}.Release|x64.Build.0 = Release|Any CPU
		{586B50FB-3A57-4622-BF81-6143DBCB7F97}.Debug|Any CPU.ActiveCfg = Debug|Any CPU
		{586B50FB-3A57-4622-BF81-6143DBCB7F97}.Debug|Any CPU.Build.0 = Debug|Any CPU
		{586B50FB-3A57-4622-BF81-6143DBCB7F97}.Debug|x64.ActiveCfg = Debug|Any CPU
		{586B50FB-3A57-4622-BF81-6143DBCB7F97}.Debug|x64.Build.0 = Debug|Any CPU
		{586B50FB-3A57-4622-BF81-6143DBCB7F97}.Release|Any CPU.ActiveCfg = Release|Any CPU
		{586B50FB-3A57-4622-BF81-6143DBCB7F97}.Release|Any CPU.Build.0 = Release|Any CPU
		{586B50FB-3A57-4622-BF81-6143DBCB7F97}.Release|x64.ActiveCfg = Release|Any CPU
		{586B50FB-3A57-4622-BF81-6143DBCB7F97}.Release|x64.Build.0 = Release|Any CPU
		{D0504B82-54CA-4382-8D56-160131206985}.Debug|Any CPU.ActiveCfg = Debug|Any CPU
		{D0504B82-54CA-4382-8D56-160131206985}.Debug|Any CPU.Build.0 = Debug|Any CPU
		{D0504B82-54CA-4382-8D56-160131206985}.Debug|x64.ActiveCfg = Debug|Any CPU
		{D0504B82-54CA-4382-8D56-160131206985}.Debug|x64.Build.0 = Debug|Any CPU
		{D0504B82-54CA-4382-8D56-160131206985}.Release|Any CPU.ActiveCfg = Release|Any CPU
		{D0504B82-54CA-4382-8D56-160131206985}.Release|Any CPU.Build.0 = Release|Any CPU
		{D0504B82-54CA-4382-8D56-160131206985}.Release|x64.ActiveCfg = Release|Any CPU
		{D0504B82-54CA-4382-8D56-160131206985}.Release|x64.Build.0 = Release|Any CPU
		{C749BA53-9D21-48EB-A23A-E7C6C33F977D}.Debug|Any CPU.ActiveCfg = Debug|Any CPU
		{C749BA53-9D21-48EB-A23A-E7C6C33F977D}.Debug|Any CPU.Build.0 = Debug|Any CPU
		{C749BA53-9D21-48EB-A23A-E7C6C33F977D}.Debug|x64.ActiveCfg = Debug|x64
		{C749BA53-9D21-48EB-A23A-E7C6C33F977D}.Debug|x64.Build.0 = Debug|x64
		{C749BA53-9D21-48EB-A23A-E7C6C33F977D}.Release|Any CPU.ActiveCfg = Release|Any CPU
		{C749BA53-9D21-48EB-A23A-E7C6C33F977D}.Release|Any CPU.Build.0 = Release|Any CPU
		{C749BA53-9D21-48EB-A23A-E7C6C33F977D}.Release|x64.ActiveCfg = Release|x64
		{C749BA53-9D21-48EB-A23A-E7C6C33F977D}.Release|x64.Build.0 = Release|x64
	EndGlobalSection
	GlobalSection(SolutionProperties) = preSolution
		HideSolutionNode = FALSE
	EndGlobalSection
	GlobalSection(NestedProjects) = preSolution
		{DD360EF0-A37D-445B-8817-16562B843C4A} = {61B23FD3-D9F0-4D0D-9CFF-5551F8BE70D4}
		{F5A6139F-BF92-4845-BB87-031A2C45031D} = {8484DACB-06C6-4AAB-B66B-07997CDC1937}
		{7EE2049B-D56E-401F-9AF7-F1E4FFB2B398} = {FDF7AC92-9811-4C15-A360-5E7F6421B052}
		{158FD8C5-4A30-4885-8CCE-8F7D346DA910} = {61B23FD3-D9F0-4D0D-9CFF-5551F8BE70D4}
		{3DA37563-D87C-4C8B-BC90-1E6780EF6AB8} = {987605A9-9B8F-405D-AAAA-9B31892E4EBA}
		{FAA33A12-9E98-4338-B65C-91D5C4FB77EB} = {762BFBEC-307A-430D-84D1-BD28C9EA4A28}
		{586B50FB-3A57-4622-BF81-6143DBCB7F97} = {3273F040-B10F-4AB0-BFC4-8752F91C5DEE}
		{D0504B82-54CA-4382-8D56-160131206985} = {5DCBFD77-F875-4CDA-97DB-BE58E0D9A577}
		{C749BA53-9D21-48EB-A23A-E7C6C33F977D} = {3273F040-B10F-4AB0-BFC4-8752F91C5DEE}
	EndGlobalSection
	GlobalSection(ExtensibilityGlobals) = postSolution
		SolutionGuid = {6E6E2737-CE9C-4138-B571-D000F8D7DBEB}
	EndGlobalSection
EndGlobal
